lockfileVersion: '9.0'

settings:
  autoInstallPeers: true
  excludeLinksFromLockfile: false

importers:

  .:
    dependencies:
      '@neon/config':
        specifier: ^1.4.0
        version: 1.4.0
      '@neon/env':
        specifier: ^1.3.0
        version: 1.3.0

packages:

  '@napi-rs/keyring-darwin-arm64@1.3.0':
    resolution: {integrity: sha512-pl76hJvdYUBn6I24bXiOBMA9nbDapo3I5B+f3OorjDU4dUMSypXeKbOVehJe8fhgTiH24flMyTS3aAIy43xegQ==}
    engines: {node: '>= 10'}
    cpu: [arm64]
    os: [darwin]

  '@napi-rs/keyring-darwin-x64@1.3.0':
    resolution: {integrity: sha512-YcJtEV5LA3cvA4z3BurgxH5IhTsW1JfIvcAAcqcecwk06Si9F9NqkxbZVIfDwQ8oRHgaBmT3zZJnLAotCrVahw==}
    engines: {node: '>= 10'}
    cpu: [x64]
    os: [darwin]

  '@napi-rs/keyring-freebsd-x64@1.3.0':
    resolution: {integrity: sha512-vlLf31TGhfRAaxLDBhg8b89ss0HHD/lyNmL5F3UjSaz5CUXElsJmKYq9fqA/B+cZKUEUcLHHGhF0I/CqcFdaVw==}
    engines: {node: '>= 10'}
    cpu: [x64]
    os: [freebsd]

  '@napi-rs/keyring-linux-arm-gnueabihf@1.3.0':
    resolution: {integrity: sha512-KiWdMMu/Inz/bHHIAGrnF7r54FZDYXuHO6UFF/rhIrshUsxbMG1Rl9lEymNtqqsVo927G0VYcb02FzWQ3iBQRQ==}
    engines: {node: '>= 10'}
    cpu: [arm]
    os: [linux]

  '@napi-rs/keyring-linux-arm64-gnu@1.3.0':
    resolution: {integrity: sha512-eyKGpY40lm9Jvs1aD294XRH4y7+TlJM0YVAryZeXA6TX0mb4gMkxVXwSQv7MCwgah7raeUd0dKUb4BPAYIgcMg==}
    engines: {node: '>= 10'}
    cpu: [arm64]
    os: [linux]
    libc: [glibc]

  '@napi-rs/keyring-linux-arm64-musl@1.3.0':
    resolution: {integrity: sha512-iIK6JWHXAJqDrEyLY3TmswwloVyt2vj+04TZnew+uSJ9gnDO8EwRbp3/iw3LpWaXiDO7VomGO6y8I0Id8uBZSw==}
    engines: {node: '>= 10'}
    cpu: [arm64]
    os: [linux]
    libc: [musl]

  '@napi-rs/keyring-linux-riscv64-gnu@1.3.0':
    resolution: {integrity: sha512-/PGqrwn6EwgtK6vccASSXJRfOSP4vN1F4ASsIQ+7MdrK6hNvAJ1FZPrIuD5gGGdxezo3F++To2Wq7DbuGIeuNQ==}
    engines: {node: '>= 10'}
    cpu: [riscv64]
    os: [linux]
    libc: [glibc]

  '@napi-rs/keyring-linux-x64-gnu@1.3.0':
    resolution: {integrity: sha512-2PDK1WKWTu9lBGq9VvNEkSlQD3O7YwVpmnyN2M3cy4v7NJ/8gDMd9GXv3G+FVXN13uhp4gnnPBS+ScefmEeD2A==}
    engines: {node: '>= 10'}
    cpu: [x64]
    os: [linux]
    libc: [glibc]

  '@napi-rs/keyring-linux-x64-musl@1.3.0':
    resolution: {integrity: sha512-oJ2HkX8YUo46QBkn0pG+HuIKQNqr523q6vBobCn+P95s4C4K6/kLBqHY/1bg5J4ap31DzsznhnFKcfBNBsjCnw==}
    engines: {node: '>= 10'}
    cpu: [x64]
    os: [linux]
    libc: [musl]

  '@napi-rs/keyring-win32-arm64-msvc@1.3.0':
    resolution: {integrity: sha512-tOd3c/uAaeoE4ycVlmAdSvygz0Zt3zdca6Y7gokBeIbaRDWpjDIUOpU3MvML59XAaqyuKGsVVu0F/DZb1lHPmw==}
    engines: {node: '>= 10'}
    cpu: [arm64]
    os: [win32]

  '@napi-rs/keyring-win32-ia32-msvc@1.3.0':
    resolution: {integrity: sha512-sPSqeAFZMGqP1R++M2JTza7GQJJ/TpCo6JU6Vcd4jnebvOaEDs9b7eipakU1PJdSvhpC2yXMCNRk9gXfrhuwHQ==}
    engines: {node: '>= 10'}
    cpu: [ia32]
    os: [win32]

  '@napi-rs/keyring-win32-x64-msvc@1.3.0':
    resolution: {integrity: sha512-4DnCWXwDc0HRKwyRlG5y0VhKZW2tNRQfKKfyj6IX/KWfDNyq9hn4n+GL1auyDcOO/v8PwnhmYo2+rOOqCkvvOg==}
    engines: {node: '>= 10'}
    cpu: [x64]
    os: [win32]

  '@napi-rs/keyring@1.3.0':
    resolution: {integrity: sha512-WrOw/bcXm0f9qHkumlT1QlArXSTWqaY9sunsDpOk+yCCorCKMxvWT/a3xko4EYHVdeZoh00yI2TydXn6eyICDA==}
    engines: {node: '>= 10'}

  '@neon/config@1.4.0':
    resolution: {integrity: sha512-tdbIBVScr+puou4Xcq3pZaKy5Hk4PvHOP34Og7yf09xCgny6hk1IvUfWC7iGOrEy1Jr821NqJEmnrPsAUsYNPA==}
    engines: {node: '>=20.19.0'}

  '@neon/env@1.3.0':
    resolution: {integrity: sha512-cPmCFOCZdWsNKTlyh9nT76owShdV5ZErYP4VrUNlp/ZjliTlkZrHLUoEvM+d+XEh2B0ksjnBNxm4tz/gPkEyRQ==}
    engines: {node: '>=20.19.0'}
    hasBin: true

  '@neon/sdk@4.1.0':
    resolution: {integrity: sha512-4PabwlUr514P+/8zlttndHp/o5UUNQFaAq/1zTBEgUuGrvZ3ISeALgWWTxJK9rXX8Huku/v5fA6txgU6jBzhhA==}
    engines: {node: '>=20.19.0'}

  ansi-regex@6.3.0:
    resolution: {integrity: sha512-WpDfL7NO6j7tH88IDBNVdUJxDh9nmCteAVW9dsep846XdwF4naCBK+/tGLX3KJgcpgMRXCFlTM2hKGoK9FsdrQ==}
    engines: {node: '>=12'}

  ansi-styles@6.2.3:
    resolution: {integrity: sha512-4Dj6M28JB+oAH8kFkTLUo+a2jwOFkuqb3yucU0CANcRRUbxS0cP0nZYCGjcc3BNXwRIsUVmDGgzawme7zvJHvg==}
    engines: {node: '>=12'}

  cliui@9.0.1:
    resolution: {integrity: sha512-k7ndgKhwoQveBL+/1tqGJYNz097I7WOvwbmmU2AR5+magtbjPWQTS1C5vzGkBC8Ym8UWRzfKUzUUqFLypY4Q+w==}
    engines: {node: '>=20'}

  emoji-regex@10.6.0:
    resolution: {integrity: sha512-toUI84YS5YmxW219erniWD0CIVOo46xGKColeNQRgOzDorgBi1v4D71/OFzgD9GO2UGKIv1C3Sp8DAn0+j5w7A==}

  escalade@3.2.0:
    resolution: {integrity: sha512-WUj2qlxaQtO4g6Pq5c29GTcWGDyd8itL8zTlipgECz3JesAiiOKotd8JU6otB3PACgG6xkJUyVhboMS+bje/jA==}
    engines: {node: '>=6'}

  get-caller-file@2.0.5:
    resolution: {integrity: sha512-DyFP3BM/3YHTQOCUL/w0OZHR0lpKeGrxotcHWcqNEdnltqFwXVfhEBQ94eIo34AfQpo0rGki4cyIiftY06h2Fg==}
    engines: {node: 6.* || 8.* || >= 10.*}

  get-east-asian-width@1.6.0:
    resolution: {integrity: sha512-QRbvDIbx6YklUe6RxeTeleMR0yv3cYH6PsPZHcnVn7xv7zO1BHN8r0XETu8n6Ye3Q+ahtSarc3WgtNWmehIBfA==}
    engines: {node: '>=18'}

  jiti@2.7.0:
    resolution: {integrity: sha512-AC/7JofJvZGrrneWNaEnJeOLUx+JlGt7tNa0wZiRPT4MY1wmfKjt2+6O2p2uz2+skll8OZZmJMNqeke7kKbNgQ==}
    hasBin: true

  string-width@7.2.0:
    resolution: {integrity: sha512-tsaTIkKW9b4N+AEj+SVA+WhJzV7/zMhcSu78mLKWSk7cXMOSHsBKFWUs0fWwq8QyK3MgJBQRX6Gbi4kYbdvGkQ==}
    engines: {node: '>=18'}

  string-width@8.2.2:
    resolution: {integrity: sha512-GaPUh5gfdrYzqeVNZvUfT23vYYxXzKYidUcnMtJg/3rxRV63EFZy3k6xfKlmfeJD0176lnUV/Usr3XcwSvFzpg==}
    engines: {node: '>=20'}

  strip-ansi@7.2.0:
    resolution: {integrity: sha512-yDPMNjp4WyfYBkHnjIRLfca1i6KMyGCtsVgoKe/z1+6vukgaENdgGBZt+ZmKPc4gavvEZ5OgHfHdrazhgNyG7w==}
    engines: {node: '>=12'}

  wrap-ansi@9.0.2:
    resolution: {integrity: sha512-42AtmgqjV+X1VpdOfyTGOYRi0/zsoLqtXQckTmqTeybT+BDIbM/Guxo7x3pE2vtpr1ok6xRqM9OpBe+Jyoqyww==}
    engines: {node: '>=18'}

  y18n@5.0.8:
    resolution: {integrity: sha512-0pfFzegeDWJHJIAmTLRP2DwHjdF5s7jo9tuztdQxAhINCdvS+3nGINqPd00AphqJR/0LhANUS6/+7SCb98YOfA==}
    engines: {node: '>=10'}

  yargs-parser@22.0.0:
    resolution: {integrity: sha512-rwu/ClNdSMpkSrUb+d6BRsSkLUq1fmfsY6TOpYzTwvwkg1/NRG85KBy3kq++A8LKQwX6lsu+aWad+2khvuXrqw==}
    engines: {node: ^20.19.0 || ^22.12.0 || >=23}

  yargs@18.1.0:
    resolution: {integrity: sha512-2rAgRKu54VsHkqI0/tYkmluGXHD4KW7yZoycuqDQ15QOTnc2VVfy0nN/1eMhnQLO00A+dwtK20xuCnc1YGeUyg==}
    engines: {node: ^20.19.0 || ^22.12.0 || >=23}

  zod@4.6.2:
    resolution: {integrity: sha512-lh5RCAGFa1Cm2hjtNwLQhSs/AsqdWnTQaBER9fEwN/88pSh7KOtJavtBx/0VlkN/uFd61SwYmljLMDAsHlvzBQ==}

snapshots:

  '@napi-rs/keyring-darwin-arm64@1.3.0':
    optional: true

  '@napi-rs/keyring-darwin-x64@1.3.0':
    optional: true

  '@napi-rs/keyring-freebsd-x64@1.3.0':
    optional: true

  '@napi-rs/keyring-linux-arm-gnueabihf@1.3.0':
    optional: true

  '@napi-rs/keyring-linux-arm64-gnu@1.3.0':
    optional: true

  '@napi-rs/keyring-linux-arm64-musl@1.3.0':
    optional: true

  '@napi-rs/keyring-linux-riscv64-gnu@1.3.0':
    optional: true

  '@napi-rs/keyring-linux-x64-gnu@1.3.0':
    optional: true

  '@napi-rs/keyring-linux-x64-musl@1.3.0':
    optional: true

  '@napi-rs/keyring-win32-arm64-msvc@1.3.0':
    optional: true

  '@napi-rs/keyring-win32-ia32-msvc@1.3.0':
    optional: true

  '@napi-rs/keyring-win32-x64-msvc@1.3.0':
    optional: true

  '@napi-rs/keyring@1.3.0':
    optionalDependencies:
      '@napi-rs/keyring-darwin-arm64': 1.3.0
      '@napi-rs/keyring-darwin-x64': 1.3.0
      '@napi-rs/keyring-freebsd-x64': 1.3.0
      '@napi-rs/keyring-linux-arm-gnueabihf': 1.3.0
      '@napi-rs/keyring-linux-arm64-gnu': 1.3.0
      '@napi-rs/keyring-linux-arm64-musl': 1.3.0
      '@napi-rs/keyring-linux-riscv64-gnu': 1.3.0
      '@napi-rs/keyring-linux-x64-gnu': 1.3.0
      '@napi-rs/keyring-linux-x64-musl': 1.3.0
      '@napi-rs/keyring-win32-arm64-msvc': 1.3.0
      '@napi-rs/keyring-win32-ia32-msvc': 1.3.0
      '@napi-rs/keyring-win32-x64-msvc': 1.3.0
    optional: true

  '@neon/config@1.4.0':
    dependencies:
      '@neon/sdk': 4.1.0
      jiti: 2.7.0
      zod: 4.6.2

  '@neon/env@1.3.0':
    dependencies:
      '@neon/config': 1.4.0
      yargs: 18.1.0
      zod: 4.6.2
    optionalDependencies:
      '@napi-rs/keyring': 1.3.0

  '@neon/sdk@4.1.0': {}

  ansi-regex@6.3.0: {}

  ansi-styles@6.2.3: {}

  cliui@9.0.1:
    dependencies:
      string-width: 7.2.0
      strip-ansi: 7.2.0
      wrap-ansi: 9.0.2

  emoji-regex@10.6.0: {}

  escalade@3.2.0: {}

  get-caller-file@2.0.5: {}

  get-east-asian-width@1.6.0: {}

  jiti@2.7.0: {}

  string-width@7.2.0:
    dependencies:
      emoji-regex: 10.6.0
      get-east-asian-width: 1.6.0
      strip-ansi: 7.2.0

  string-width@8.2.2:
    dependencies:
      get-east-asian-width: 1.6.0
      strip-ansi: 7.2.0

  strip-ansi@7.2.0:
    dependencies:
      ansi-regex: 6.3.0

  wrap-ansi@9.0.2:
    dependencies:
      ansi-styles: 6.2.3
      string-width: 7.2.0
      strip-ansi: 7.2.0

  y18n@5.0.8: {}

  yargs-parser@22.0.0: {}

  yargs@18.1.0:
    dependencies:
      cliui: 9.0.1
      escalade: 3.2.0
      get-caller-file: 2.0.5
      string-width: 8.2.2
      y18n: 5.0.8
      yargs-parser: 22.0.0

  zod@4.6.2: {}
